
Microsoft Visual Studio Solution File, Format Version 12.00
# Visual Studio Version 16
VisualStudioVersion = 16.0.32413.511
MinimumVisualStudioVersion = 10.0.40219.1
Project("{FAE04EC0-301F-11D3-BF4B-00C04F79EFBC}") = "WebProjekat", "WebProjekat\WebProjekat.csproj", "{F3C094CF-0C5B-422E-A3A3-16F463C7192E}"
EndProject
Project("{FAE04EC0-301F-11D3-BF4B-00C04F79EFBC}") = "DataLayer", "DataLayer\DataLayer.csproj", "{94FA7837-2FFA-48AB-803A-23103643ECDD}"
EndProject
Project("{FAE04EC0-301F-11D3-BF4B-00C04F79EFBC}") = "ServiceLayer", "ServiceLayer\ServiceLayer.csproj", "{141A7402-78D4-4562-A758-E57921958F26}"
EndProject
Global
	GlobalSection(SolutionConfigurationPlatforms) = preSolution
		Debug|Any CPU = Debug|Any CPU
		Release|Any CPU = Release|Any CPU
	EndGlobalSection
	GlobalSection(ProjectConfigurationPlatforms) = postSolution
		{F3C094CF-0C5B-422E-A3A3-16F463C7192E}.Debug|Any CPU.ActiveCfg = Debug|Any CPU
		{F3C094CF-0C5B-422E-A3A3-16F463C7192E}.Debug|Any CPU.Build.0 = Debug|Any CPU
		{F3C094CF-0C5B-422E-A3A3-16F463C7192E}.Release|Any CPU.ActiveCfg = Release|Any CPU
		{F3C094CF-0C5B-422E-A3A3-16F463C7192E}.Release|Any CPU.Build.0 = Release|Any CPU
		{94FA7837-2FFA-48AB-803A-23103643ECDD}.Debug|Any CPU.ActiveCfg = Debug|Any CPU
		{94FA7837-2FFA-48AB-803A-23103643ECDD}.Debug|Any CPU.Build.0 = Debug|Any CPU
		{94FA7837-2FFA-48AB-803A-23103643ECDD}.Release|Any CPU.ActiveCfg = Release|Any CPU
		{94FA7837-2FFA-48AB-803A-23103643ECDD}.Release|Any CPU.Build.0 = Release|Any CPU
		{141A7402-78D4-4562-A758-E57921958F26}.Debug|Any CPU.ActiveCfg = Debug|Any CPU
		{141A7402-78D4-4562-A758-E57921958F26}.Debug|Any CPU.Build.0 = Debug|Any CPU
		{141A7402-78D4-4562-A758-E57921958F26}.Release|Any CPU.ActiveCfg = Release|Any CPU
		{141A7402-78D4-4562-A758-E57921958F26}.Release|Any CPU.Build.0 = Release|Any CPU
	EndGlobalSection
	GlobalSection(SolutionProperties) = preSolution
		HideSolutionNode = FALSE
	EndGlobalSection
	GlobalSection(ExtensibilityGlobals) = postSolution
		SolutionGuid = {DE505983-AE61-4D83-858A-601C10CCC45E}
	EndGlobalSection
EndGlobal
